
Microsoft Visual Studio Solution File, Format Version 11.00
# Visual Studio 2010
Project("{FAE04EC0-301F-11D3-BF4B-00C04F79EFBC}") = "FLogoff", "FLogoff.csproj", "{1BE66FF2-A44F-4B7F-A576-66E3BB3BAFE9}"
EndProject
Global
	GlobalSection(SolutionConfigurationPlatforms) = preSolution
		Debug|Any CPU = Debug|Any CPU
		Release|Any CPU = Release|Any CPU
	EndGlobalSection
	GlobalSection(ProjectConfigurationPlatforms) = postSolution
		{1BE66FF2-A44F-4B7F-A576-66E3BB3BAFE9}.Debug|Any CPU.ActiveCfg = Debug|Any CPU
		{1BE66FF2-A44F-4B7F-A576-66E3BB3BAFE9}.Debug|Any CPU.Build.0 = Debug|Any CPU
		{1BE66FF2-A44F-4B7F-A576-66E3BB3BAFE9}.Release|Any CPU.ActiveCfg = Release|Any CPU
		{1BE66FF2-A44F-4B7F-A576-66E3BB3BAFE9}.Release|Any CPU.Build.0 = Release|Any CPU
	EndGlobalSection
	GlobalSection(SolutionProperties) = preSolution
		HideSolutionNode = FALSE
	EndGlobalSection
EndGlobal
